
Microsoft Visual Studio Solution File, Format Version 12.00
# Visual Studio Version 17
VisualStudioVersion = 17.5.002.0
MinimumVisualStudioVersion = 10.0.40219.1
Project("{2150E333-8FDC-42A3-9474-1A3956D46DE8}") = "services", "services", "{C8B12ABB-A911-4876-A1D7-6FB0F8751D36}"
EndProject
Project("{9A19103F-16F7-4668-BE54-9A1E7A4F7556}") = "Gateway", "services\Gateway\Gateway.csproj", "{6A78EDF4-5C5E-4C63-B929-659B66F1BE6F}"
EndProject
Project("{9A19103F-16F7-4668-BE54-9A1E7A4F7556}") = "Content", "services\Content\Content.csproj", "{7E523B72-C082-4BFA-A5BD-F3B3E86257C6}"
EndProject
Project("{9A19103F-16F7-4668-BE54-9A1E7A4F7556}") = "Auth", "services\Auth\Auth.csproj", "{F0BBD227-B6C0-4289-AF75-D28A6E03A60B}"
EndProject
Project("{9A19103F-16F7-4668-BE54-9A1E7A4F7556}") = "Backend", "services\Backend\Backend.csproj", "{FABFBB22-66FB-45D1-82D3-96E78AC85E9F}"
EndProject
Project("{9A19103F-16F7-4668-BE54-9A1E7A4F7556}") = "Generator", "services\Generator\Generator.csproj", "{2B546C74-2633-40CF-9715-33B04E9876EE}"
EndProject
Project("{FAE04EC0-301F-11D3-BF4B-00C04F79EFBC}") = "WebApplication1", "WebApplication1\WebApplication1.csproj", "{568192B4-29D6-4C9F-A7CD-EC9B81BE165D}"
EndProject
Global
	GlobalSection(SolutionConfigurationPlatforms) = preSolution
		Debug|Any CPU = Debug|Any CPU
		Release|Any CPU = Release|Any CPU
	EndGlobalSection
	GlobalSection(ProjectConfigurationPlatforms) = postSolution
		{6A78EDF4-5C5E-4C63-B929-659B66F1BE6F}.Debug|Any CPU.ActiveCfg = Debug|Any CPU
		{6A78EDF4-5C5E-4C63-B929-659B66F1BE6F}.Debug|Any CPU.Build.0 = Debug|Any CPU
		{6A78EDF4-5C5E-4C63-B929-659B66F1BE6F}.Release|Any CPU.ActiveCfg = Release|Any CPU
		{6A78EDF4-5C5E-4C63-B929-659B66F1BE6F}.Release|Any CPU.Build.0 = Release|Any CPU
		{7E523B72-C082-4BFA-A5BD-F3B3E86257C6}.Debug|Any CPU.ActiveCfg = Debug|Any CPU
		{7E523B72-C082-4BFA-A5BD-F3B3E86257C6}.Debug|Any CPU.Build.0 = Debug|Any CPU
		{7E523B72-C082-4BFA-A5BD-F3B3E86257C6}.Release|Any CPU.ActiveCfg = Release|Any CPU
		{7E523B72-C082-4BFA-A5BD-F3B3E86257C6}.Release|Any CPU.Build.0 = Release|Any CPU
		{F0BBD227-B6C0-4289-AF75-D28A6E03A60B}.Debug|Any CPU.ActiveCfg = Debug|Any CPU
		{F0BBD227-B6C0-4289-AF75-D28A6E03A60B}.Debug|Any CPU.Build.0 = Debug|Any CPU
		{F0BBD227-B6C0-4289-AF75-D28A6E03A60B}.Release|Any CPU.ActiveCfg = Release|Any CPU
		{F0BBD227-B6C0-4289-AF75-D28A6E03A60B}.Release|Any CPU.Build.0 = Release|Any CPU
		{FABFBB22-66FB-45D1-82D3-96E78AC85E9F}.Debug|Any CPU.ActiveCfg = Debug|Any CPU
		{FABFBB22-66FB-45D1-82D3-96E78AC85E9F}.Debug|Any CPU.Build.0 = Debug|Any CPU
		{FABFBB22-66FB-45D1-82D3-96E78AC85E9F}.Release|Any CPU.ActiveCfg = Release|Any CPU
		{FABFBB22-66FB-45D1-82D3-96E78AC85E9F}.Release|Any CPU.Build.0 = Release|Any CPU
		{2B546C74-2633-40CF-9715-33B04E9876EE}.Debug|Any CPU.ActiveCfg = Debug|Any CPU
		{2B546C74-2633-40CF-9715-33B04E9876EE}.Debug|Any CPU.Build.0 = Debug|Any CPU
		{2B546C74-2633-40CF-9715-33B04E9876EE}.Release|Any CPU.ActiveCfg = Release|Any CPU
		{2B546C74-2633-40CF-9715-33B04E9876EE}.Release|Any CPU.Build.0 = Release|Any CPU
		{568192B4-29D6-4C9F-A7CD-EC9B81BE165D}.Debug|Any CPU.ActiveCfg = Debug|Any CPU
		{568192B4-29D6-4C9F-A7CD-EC9B81BE165D}.Debug|Any CPU.Build.0 = Debug|Any CPU
		{568192B4-29D6-4C9F-A7CD-EC9B81BE165D}.Release|Any CPU.ActiveCfg = Release|Any CPU
		{568192B4-29D6-4C9F-A7CD-EC9B81BE165D}.Release|Any CPU.Build.0 = Release|Any CPU
	EndGlobalSection
	GlobalSection(SolutionProperties) = preSolution
		HideSolutionNode = FALSE
	EndGlobalSection
	GlobalSection(NestedProjects) = preSolution
		{6A78EDF4-5C5E-4C63-B929-659B66F1BE6F} = {C8B12ABB-A911-4876-A1D7-6FB0F8751D36}
		{7E523B72-C082-4BFA-A5BD-F3B3E86257C6} = {C8B12ABB-A911-4876-A1D7-6FB0F8751D36}
		{F0BBD227-B6C0-4289-AF75-D28A6E03A60B} = {C8B12ABB-A911-4876-A1D7-6FB0F8751D36}
		{FABFBB22-66FB-45D1-82D3-96E78AC85E9F} = {C8B12ABB-A911-4876-A1D7-6FB0F8751D36}
		{2B546C74-2633-40CF-9715-33B04E9876EE} = {C8B12ABB-A911-4876-A1D7-6FB0F8751D36}
	EndGlobalSection
	GlobalSection(ExtensibilityGlobals) = postSolution
		SolutionGuid = {0416281D-70A5-4981-8193-6A645D2E740C}
	EndGlobalSection
EndGlobal
